
Microsoft Visual Studio Solution File, Format Version 12.00
# Visual Studio Version 17
VisualStudioVersion = 17.8.34309.116
MinimumVisualStudioVersion = 10.0.40219.1
Project("{FAE04EC0-301F-11D3-BF4B-00C04F79EFBC}") = "Telly_Control", "Telly_Control\Telly_Control.csproj", "{F525932F-35A3-444B-AAE4-B9E79708C484}"
EndProject
Global
	GlobalSection(SolutionConfigurationPlatforms) = preSolution
		Debug|Any CPU = Debug|Any CPU
		Release|Any CPU = Release|Any CPU
	EndGlobalSection
	GlobalSection(ProjectConfigurationPlatforms) = postSolution
		{F525932F-35A3-444B-AAE4-B9E79708C484}.Debug|Any CPU.ActiveCfg = Debug|Any CPU
		{F525932F-35A3-444B-AAE4-B9E79708C484}.Debug|Any CPU.Build.0 = Debug|Any CPU
		{F525932F-35A3-444B-AAE4-B9E79708C484}.Release|Any CPU.ActiveCfg = Release|Any CPU
		{F525932F-35A3-444B-AAE4-B9E79708C484}.Release|Any CPU.Build.0 = Release|Any CPU
	EndGlobalSection
	GlobalSection(SolutionProperties) = preSolution
		HideSolutionNode = FALSE
	EndGlobalSection
	GlobalSection(ExtensibilityGlobals) = postSolution
		SolutionGuid = {69E86014-3094-485D-A8D5-4C835C06315A}
	EndGlobalSection
EndGlobal
